
Microsoft Visual Studio Solution File, Format Version 12.00
# Visual Studio Version 17
VisualStudioVersion = 17.12.35707.178
MinimumVisualStudioVersion = 10.0.40219.1
Project("{FAE04EC0-301F-11D3-BF4B-00C04F79EFBC}") = "ConsoleAppOutputDemo", "ConsoleAppOutputDemo\ConsoleAppOutputDemo.csproj", "{6B81D883-8E42-4036-B47B-11B22033940E}"
EndProject
Project("{FAE04EC0-301F-11D3-BF4B-00C04F79EFBC}") = "ConsoleAppVariableDemo", "ConsoleAppVariableDemo\ConsoleAppVariableDemo.csproj", "{636C0C62-8A35-42B6-A003-31BC160DC0BD}"
EndProject
Project("{FAE04EC0-301F-11D3-BF4B-00C04F79EFBC}") = "ConsoleAppUserInputDemo", "ConsoleAppUserInputDemo\ConsoleAppUserInputDemo.csproj", "{AE401DA5-3E44-41D7-A43B-ECF28B8B9DA0}"
EndProject
Project("{FAE04EC0-301F-11D3-BF4B-00C04F79EFBC}") = "ConsoleAppOperators", "ConsoleAppOperators\ConsoleAppOperators.csproj", "{2DFCE62A-8B04-4AFB-ABB6-A38AB2DD40AD}"
EndProject
Project("{FAE04EC0-301F-11D3-BF4B-00C04F79EFBC}") = "Conditions&Decisions", "Conditions&Decisions\Conditions&Decisions.csproj", "{F45135B4-2B33-4305-B16E-9A4D0F270702}"
EndProject
Global
	GlobalSection(SolutionConfigurationPlatforms) = preSolution
		Debug|Any CPU = Debug|Any CPU
		Release|Any CPU = Release|Any CPU
	EndGlobalSection
	GlobalSection(ProjectConfigurationPlatforms) = postSolution
		{6B81D883-8E42-4036-B47B-11B22033940E}.Debug|Any CPU.ActiveCfg = Debug|Any CPU
		{6B81D883-8E42-4036-B47B-11B22033940E}.Debug|Any CPU.Build.0 = Debug|Any CPU
		{6B81D883-8E42-4036-B47B-11B22033940E}.Release|Any CPU.ActiveCfg = Release|Any CPU
		{6B81D883-8E42-4036-B47B-11B22033940E}.Release|Any CPU.Build.0 = Release|Any CPU
		{636C0C62-8A35-42B6-A003-31BC160DC0BD}.Debug|Any CPU.ActiveCfg = Debug|Any CPU
		{636C0C62-8A35-42B6-A003-31BC160DC0BD}.Debug|Any CPU.Build.0 = Debug|Any CPU
		{636C0C62-8A35-42B6-A003-31BC160DC0BD}.Release|Any CPU.ActiveCfg = Release|Any CPU
		{636C0C62-8A35-42B6-A003-31BC160DC0BD}.Release|Any CPU.Build.0 = Release|Any CPU
		{AE401DA5-3E44-41D7-A43B-ECF28B8B9DA0}.Debug|Any CPU.ActiveCfg = Debug|Any CPU
		{AE401DA5-3E44-41D7-A43B-ECF28B8B9DA0}.Debug|Any CPU.Build.0 = Debug|Any CPU
		{AE401DA5-3E44-41D7-A43B-ECF28B8B9DA0}.Release|Any CPU.ActiveCfg = Release|Any CPU
		{AE401DA5-3E44-41D7-A43B-ECF28B8B9DA0}.Release|Any CPU.Build.0 = Release|Any CPU
		{2DFCE62A-8B04-4AFB-ABB6-A38AB2DD40AD}.Debug|Any CPU.ActiveCfg = Debug|Any CPU
		{2DFCE62A-8B04-4AFB-ABB6-A38AB2DD40AD}.Debug|Any CPU.Build.0 = Debug|Any CPU
		{2DFCE62A-8B04-4AFB-ABB6-A38AB2DD40AD}.Release|Any CPU.ActiveCfg = Release|Any CPU
		{2DFCE62A-8B04-4AFB-ABB6-A38AB2DD40AD}.Release|Any CPU.Build.0 = Release|Any CPU
		{F45135B4-2B33-4305-B16E-9A4D0F270702}.Debug|Any CPU.ActiveCfg = Debug|Any CPU
		{F45135B4-2B33-4305-B16E-9A4D0F270702}.Debug|Any CPU.Build.0 = Debug|Any CPU
		{F45135B4-2B33-4305-B16E-9A4D0F270702}.Release|Any CPU.ActiveCfg = Release|Any CPU
		{F45135B4-2B33-4305-B16E-9A4D0F270702}.Release|Any CPU.Build.0 = Release|Any CPU
	EndGlobalSection
	GlobalSection(SolutionProperties) = preSolution
		HideSolutionNode = FALSE
	EndGlobalSection
EndGlobal
